# This file is generated by running "yarn install" inside your project.
# Manual changes might be lost - proceed with caution!

__metadata:
  version: 10
  cacheKey: 10c0

"loom-plugin-tools@workspace:.":
  version: 0.0.0-use.local
  resolution: "loom-plugin-tools@workspace:."
  dependencies:
    yaml: "npm:2.9.1"
  languageName: unknown
  linkType: soft

"yaml@npm:2.9.1":
  version: 2.9.1
  resolution: "yaml@npm:2.9.1"
  bin:
    yaml: bin.mjs
  checksum: 10c0/9d06676ef02b89559a8b10a71882bd2cdae81e8393dc8dbc871615c3259475d9609ad973d19cb3c9e71e72d6206e3d1e7aa241c7e55f3d16fd2e77db305827d6
  languageName: node
  linkType: hard
